// !$*UTF8*$!
{
	archiveVersion = 1;
	classes = {
	};
	objectVersion = 55;
	objects = {

/* Begin PBXBuildFile section */
		0A21726085EE3825185CE1F0 /* Pods_PeriscopeMediaPlannerTests.framework in Frameworks */ = {isa = PBXBuildFile; fileRef = B10C0F34101FA125121F3E93 /* Pods_PeriscopeMediaPlannerTests.framework */; };
		41566C92272D9D1E00FA8CD5 /* AppDelegate.swift in Sources */ = {isa = PBXBuildFile; fileRef = 41566C91272D9D1E00FA8CD5 /* AppDelegate.swift */; };
		415BD821272B4EBB0039AC39 /* PeriscopeMediaPlannerTests.swift in Sources */ = {isa = PBXBuildFile; fileRef = 41EFB6BC27232D0F00795AC5 /* PeriscopeMediaPlannerTests.swift */; };
		41685359272DE9C000BE0F22 /* TaskView.swift in Sources */ = {isa = PBXBuildFile; fileRef = 41685358272DE9C000BE0F22 /* TaskView.swift */; };
		4168535B272DFD1F00BE0F22 /* TaskModel.swift in Sources */ = {isa = PBXBuildFile; fileRef = 4168535A272DFD1F00BE0F22 /* TaskModel.swift */; };
		41EFB6A727232D0D00795AC5 /* PeriscopeMediaPlannerApp.swift in Sources */ = {isa = PBXBuildFile; fileRef = 41EFB6A627232D0D00795AC5 /* PeriscopeMediaPlannerApp.swift */; };
		41EFB6A927232D0D00795AC5 /* ContentView.swift in Sources */ = {isa = PBXBuildFile; fileRef = 41EFB6A827232D0D00795AC5 /* ContentView.swift */; };
		41EFB6AB27232D0E00795AC5 /* Assets.xcassets in Resources */ = {isa = PBXBuildFile; fileRef = 41EFB6AA27232D0E00795AC5 /* Assets.xcassets */; };
		41EFB6AE27232D0E00795AC5 /* Preview Assets.xcassets in Resources */ = {isa = PBXBuildFile; fileRef = 41EFB6AD27232D0E00795AC5 /* Preview Assets.xcassets */; };
		41EFB6B027232D0E00795AC5 /* Persistence.swift in Sources */ = {isa = PBXBuildFile; fileRef = 41EFB6AF27232D0E00795AC5 /* Persistence.swift */; };
		41EFB6B327232D0F00795AC5 /* PeriscopeMediaPlanner.xcdatamodeld in Sources */ = {isa = PBXBuildFile; fileRef = 41EFB6B127232D0F00795AC5 /* PeriscopeMediaPlanner.xcdatamodeld */; };
		41EFB6C727232D0F00795AC5 /* PeriscopeMediaPlannerUITests.swift in Sources */ = {isa = PBXBuildFile; fileRef = 41EFB6C627232D0F00795AC5 /* PeriscopeMediaPlannerUITests.swift */; };
		41EFB6C927232D0F00795AC5 /* PeriscopeMediaPlannerUITestsLaunchTests.swift in Sources */ = {isa = PBXBuildFile; fileRef = 41EFB6C827232D0F00795AC5 /* PeriscopeMediaPlannerUITestsLaunchTests.swift */; };
		41EFB6D827233D2800795AC5 /* SplashScreenView.swift in Sources */ = {isa = PBXBuildFile; fileRef = 41EFB6D727233D2800795AC5 /* SplashScreenView.swift */; };
		41EFB6DA27233E2700795AC5 /* HomeView.swift in Sources */ = {isa = PBXBuildFile; fileRef = 41EFB6D927233E2700795AC5 /* HomeView.swift */; };
		716A76007D8B4C89E10BA9FE /* Pods_PeriscopeMediaPlanner.framework in Frameworks */ = {isa = PBXBuildFile; fileRef = F30CD5C4688FA0489EF5205E /* Pods_PeriscopeMediaPlanner.framework */; };
		D39C50CC6126439EC8736A68 /* Pods_PeriscopeMediaPlanner_PeriscopeMediaPlannerUITests.framework in Frameworks */ = {isa = PBXBuildFile; fileRef = BAD1A1A14360E2A6B96729B0 /* Pods_PeriscopeMediaPlanner_PeriscopeMediaPlannerUITests.framework */; };
/* End PBXBuildFile section */

/* Begin PBXContainerItemProxy section */
		41EFB6B927232D0F00795AC5 /* PBXContainerItemProxy */ = {
			isa = PBXContainerItemProxy;
			containerPortal = 41EFB69B27232D0D00795AC5 /* Project object */;
			proxyType = 1;
			remoteGlobalIDString = 41EFB6A227232D0D00795AC5;
			remoteInfo = PeriscopeMediaPlanner;
		};
		41EFB6C327232D0F00795AC5 /* PBXContainerItemProxy */ = {
			isa = PBXContainerItemProxy;
			containerPortal = 41EFB69B27232D0D00795AC5 /* Project object */;
			proxyType = 1;
			remoteGlobalIDString = 41EFB6A227232D0D00795AC5;
			remoteInfo = PeriscopeMediaPlanner;
		};
/* End PBXContainerItemProxy section */

/* Begin PBXFileReference section */
		1CADCBFF5510F741AB1C0892 /* Pods-PeriscopeMediaPlanner-PeriscopeMediaPlannerUITests.debug.xcconfig */ = {isa = PBXFileReference; includeInIndex = 1; lastKnownFileType = text.xcconfig; name = "Pods-PeriscopeMediaPlanner-PeriscopeMediaPlannerUITests.debug.xcconfig"; path = "Target Support Files/Pods-PeriscopeMediaPlanner-PeriscopeMediaPlannerUITests/Pods-PeriscopeMediaPlanner-PeriscopeMediaPlannerUITests.debug.xcconfig"; sourceTree = "<group>"; };
		2D37E0E69B8C299B01D3197D /* Pods-PeriscopeMediaPlanner-PeriscopeMediaPlannerUITests.release.xcconfig */ = {isa = PBXFileReference; includeInIndex = 1; lastKnownFileType = text.xcconfig; name = "Pods-PeriscopeMediaPlanner-PeriscopeMediaPlannerUITests.release.xcconfig"; path = "Target Support Files/Pods-PeriscopeMediaPlanner-PeriscopeMediaPlannerUITests/Pods-PeriscopeMediaPlanner-PeriscopeMediaPlannerUITests.release.xcconfig"; sourceTree = "<group>"; };
		4142A59B272C1B9900DD2627 /* Info.plist */ = {isa = PBXFileReference; lastKnownFileType = text.plist; path = Info.plist; sourceTree = "<group>"; };
		41566C91272D9D1E00FA8CD5 /* AppDelegate.swift */ = {isa = PBXFileReference; lastKnownFileType = sourcecode.swift; path = AppDelegate.swift; sourceTree = "<group>"; };
		41685358272DE9C000BE0F22 /* TaskView.swift */ = {isa = PBXFileReference; lastKnownFileType = sourcecode.swift; path = TaskView.swift; sourceTree = "<group>"; };
		4168535A272DFD1F00BE0F22 /* TaskModel.swift */ = {isa = PBXFileReference; lastKnownFileType = sourcecode.swift; path = TaskModel.swift; sourceTree = "<group>"; };
		41E0C177272D7EFA0008B407 /* GoogleService-Info.plist */ = {isa = PBXFileReference; lastKnownFileType = text.plist.xml; path = "GoogleService-Info.plist"; sourceTree = "<group>"; };
		41EFB6A327232D0D00795AC5 /* PeriscopeMediaPlanner.app */ = {isa = PBXFileReference; explicitFileType = wrapper.application; includeInIndex = 0; path = PeriscopeMediaPlanner.app; sourceTree = BUILT_PRODUCTS_DIR; };
		41EFB6A627232D0D00795AC5 /* PeriscopeMediaPlannerApp.swift */ = {isa = PBXFileReference; lastKnownFileType = sourcecode.swift; path = PeriscopeMediaPlannerApp.swift; sourceTree = "<group>"; };
		41EFB6A827232D0D00795AC5 /* ContentView.swift */ = {isa = PBXFileReference; lastKnownFileType = sourcecode.swift; path = ContentView.swift; sourceTree = "<group>"; };
		41EFB6AA27232D0E00795AC5 /* Assets.xcassets */ = {isa = PBXFileReference; lastKnownFileType = folder.assetcatalog; path = Assets.xcassets; sourceTree = "<group>"; };
		41EFB6AD27232D0E00795AC5 /* Preview Assets.xcassets */ = {isa = PBXFileReference; lastKnownFileType = folder.assetcatalog; path = "Preview Assets.xcassets"; sourceTree = "<group>"; };
		41EFB6AF27232D0E00795AC5 /* Persistence.swift */ = {isa = PBXFileReference; lastKnownFileType = sourcecode.swift; path = Persistence.swift; sourceTree = "<group>"; };
		41EFB6B227232D0F00795AC5 /* PeriscopeMediaPlanner.xcdatamodel */ = {isa = PBXFileReference; lastKnownFileType = wrapper.xcdatamodel; path = PeriscopeMediaPlanner.xcdatamodel; sourceTree = "<group>"; };
		41EFB6B827232D0F00795AC5 /* PeriscopeMediaPlannerTests.xctest */ = {isa = PBXFileReference; explicitFileType = wrapper.cfbundle; includeInIndex = 0; path = PeriscopeMediaPlannerTests.xctest; sourceTree = BUILT_PRODUCTS_DIR; };
		41EFB6BC27232D0F00795AC5 /* PeriscopeMediaPlannerTests.swift */ = {isa = PBXFileReference; lastKnownFileType = sourcecode.swift; path = PeriscopeMediaPlannerTests.swift; sourceTree = "<group>"; };
		41EFB6C227232D0F00795AC5 /* PeriscopeMediaPlannerUITests.xctest */ = {isa = PBXFileReference; explicitFileType = wrapper.cfbundle; includeInIndex = 0; path = PeriscopeMediaPlannerUITests.xctest; sourceTree = BUILT_PRODUCTS_DIR; };
		41EFB6C627232D0F00795AC5 /* PeriscopeMediaPlannerUITests.swift */ = {isa = PBXFileReference; lastKnownFileType = sourcecode.swift; path = PeriscopeMediaPlannerUITests.swift; sourceTree = "<group>"; };
		41EFB6C827232D0F00795AC5 /* PeriscopeMediaPlannerUITestsLaunchTests.swift */ = {isa = PBXFileReference; lastKnownFileType = sourcecode.swift; path = PeriscopeMediaPlannerUITestsLaunchTests.swift; sourceTree = "<group>"; };
		41EFB6D727233D2800795AC5 /* SplashScreenView.swift */ = {isa = PBXFileReference; lastKnownFileType = sourcecode.swift; path = SplashScreenView.swift; sourceTree = "<group>"; };
		41EFB6D927233E2700795AC5 /* HomeView.swift */ = {isa = PBXFileReference; lastKnownFileType = sourcecode.swift; path = HomeView.swift; sourceTree = "<group>"; };
		85EFC2EF105E4EAD106C05B3 /* Pods-PeriscopeMediaPlanner.debug.xcconfig */ = {isa = PBXFileReference; includeInIndex = 1; lastKnownFileType = text.xcconfig; name = "Pods-PeriscopeMediaPlanner.debug.xcconfig"; path = "Target Support Files/Pods-PeriscopeMediaPlanner/Pods-PeriscopeMediaPlanner.debug.xcconfig"; sourceTree = "<group>"; };
		98CD7594C51ADB61F13EABBF /* Pods-PeriscopeMediaPlannerTests.release.xcconfig */ = {isa = PBXFileReference; includeInIndex = 1; lastKnownFileType = text.xcconfig; name = "Pods-PeriscopeMediaPlannerTests.release.xcconfig"; path = "Target Support Files/Pods-PeriscopeMediaPlannerTests/Pods-PeriscopeMediaPlannerTests.release.xcconfig"; sourceTree = "<group>"; };
		9FD9F3B300208903D6576B30 /* Pods-PeriscopeMediaPlannerTests.debug.xcconfig */ = {isa = PBXFileReference; includeInIndex = 1; lastKnownFileType = text.xcconfig; name = "Pods-PeriscopeMediaPlannerTests.debug.xcconfig"; path = "Target Support Files/Pods-PeriscopeMediaPlannerTests/Pods-PeriscopeMediaPlannerTests.debug.xcconfig"; sourceTree = "<group>"; };
		B10C0F34101FA125121F3E93 /* Pods_PeriscopeMediaPlannerTests.framework */ = {isa = PBXFileReference; explicitFileType = wrapper.framework; includeInIndex = 0; path = Pods_PeriscopeMediaPlannerTests.framework; sourceTree = BUILT_PRODUCTS_DIR; };
		BAD1A1A14360E2A6B96729B0 /* Pods_PeriscopeMediaPlanner_PeriscopeMediaPlannerUITests.framework */ = {isa = PBXFileReference; explicitFileType = wrapper.framework; includeInIndex = 0; path = Pods_PeriscopeMediaPlanner_PeriscopeMediaPlannerUITests.framework; sourceTree = BUILT_PRODUCTS_DIR; };
		F30CD5C4688FA0489EF5205E /* Pods_PeriscopeMediaPlanner.framework */ = {isa = PBXFileReference; explicitFileType = wrapper.framework; includeInIndex = 0; path = Pods_PeriscopeMediaPlanner.framework; sourceTree = BUILT_PRODUCTS_DIR; };
		FA32118D36FEF4A9E0C3695C /* Pods-PeriscopeMediaPlanner.release.xcconfig */ = {isa = PBXFileReference; includeInIndex = 1; lastKnownFileType = text.xcconfig; name = "Pods-PeriscopeMediaPlanner.release.xcconfig"; path = "Target Support Files/Pods-PeriscopeMediaPlanner/Pods-PeriscopeMediaPlanner.release.xcconfig"; sourceTree = "<group>"; };
/* End PBXFileReference section */

/* Begin PBXFrameworksBuildPhase section */
		41EFB6A027232D0D00795AC5 /* Frameworks */ = {
			isa = PBXFrameworksBuildPhase;
			buildActionMask = 2147483647;
			files = (
				716A76007D8B4C89E10BA9FE /* Pods_PeriscopeMediaPlanner.framework in Frameworks */,
			);
			runOnlyForDeploymentPostprocessing = 0;
		};
		41EFB6B527232D0F00795AC5 /* Frameworks */ = {
			isa = PBXFrameworksBuildPhase;
			buildActionMask = 2147483647;
			files = (
				0A21726085EE3825185CE1F0 /* Pods_PeriscopeMediaPlannerTests.framework in Frameworks */,
			);
			runOnlyForDeploymentPostprocessing = 0;
		};
		41EFB6BF27232D0F00795AC5 /* Frameworks */ = {
			isa = PBXFrameworksBuildPhase;
			buildActionMask = 2147483647;
			files = (
				D39C50CC6126439EC8736A68 /* Pods_PeriscopeMediaPlanner_PeriscopeMediaPlannerUITests.framework in Frameworks */,
			);
			runOnlyForDeploymentPostprocessing = 0;
		};
/* End PBXFrameworksBuildPhase section */

/* Begin PBXGroup section */
		07AB363B907B9031797151E9 /* Frameworks */ = {
			isa = PBXGroup;
			children = (
				F30CD5C4688FA0489EF5205E /* Pods_PeriscopeMediaPlanner.framework */,
				BAD1A1A14360E2A6B96729B0 /* Pods_PeriscopeMediaPlanner_PeriscopeMediaPlannerUITests.framework */,
				B10C0F34101FA125121F3E93 /* Pods_PeriscopeMediaPlannerTests.framework */,
			);
			name = Frameworks;
			sourceTree = "<group>";
		};
		41EFB69A27232D0D00795AC5 = {
			isa = PBXGroup;
			children = (
				41EFB6A527232D0D00795AC5 /* PeriscopeMediaPlanner */,
				41EFB6BB27232D0F00795AC5 /* PeriscopeMediaPlannerTests */,
				41EFB6C527232D0F00795AC5 /* PeriscopeMediaPlannerUITests */,
				41EFB6A427232D0D00795AC5 /* Products */,
				AC63DD477D105063F18873A6 /* Pods */,
				07AB363B907B9031797151E9 /* Frameworks */,
			);
			indentWidth = 2;
			sourceTree = "<group>";
			tabWidth = 2;
		};
		41EFB6A427232D0D00795AC5 /* Products */ = {
			isa = PBXGroup;
			children = (
				41EFB6A327232D0D00795AC5 /* PeriscopeMediaPlanner.app */,
				41EFB6B827232D0F00795AC5 /* PeriscopeMediaPlannerTests.xctest */,
				41EFB6C227232D0F00795AC5 /* PeriscopeMediaPlannerUITests.xctest */,
			);
			name = Products;
			sourceTree = "<group>";
		};
		41EFB6A527232D0D00795AC5 /* PeriscopeMediaPlanner */ = {
			isa = PBXGroup;
			children = (
				41E0C177272D7EFA0008B407 /* GoogleService-Info.plist */,
				4142A59B272C1B9900DD2627 /* Info.plist */,
				41EFB6D627233D0B00795AC5 /* Model */,
				41EFB6D527233D0300795AC5 /* View */,
				41EFB6A627232D0D00795AC5 /* PeriscopeMediaPlannerApp.swift */,
				41EFB6A827232D0D00795AC5 /* ContentView.swift */,
				41EFB6AA27232D0E00795AC5 /* Assets.xcassets */,
				41EFB6AF27232D0E00795AC5 /* Persistence.swift */,
				41EFB6B127232D0F00795AC5 /* PeriscopeMediaPlanner.xcdatamodeld */,
				41EFB6AC27232D0E00795AC5 /* Preview Content */,
				41566C91272D9D1E00FA8CD5 /* AppDelegate.swift */,
			);
			path = PeriscopeMediaPlanner;
			sourceTree = "<group>";
		};
		41EFB6AC27232D0E00795AC5 /* Preview Content */ = {
			isa = PBXGroup;
			children = (
				41EFB6AD27232D0E00795AC5 /* Preview Assets.xcassets */,
			);
			path = "Preview Content";
			sourceTree = "<group>";
		};
		41EFB6BB27232D0F00795AC5 /* PeriscopeMediaPlannerTests */ = {
			isa = PBXGroup;
			children = (
				41EFB6BC27232D0F00795AC5 /* PeriscopeMediaPlannerTests.swift */,
			);
			path = PeriscopeMediaPlannerTests;
			sourceTree = "<group>";
		};
		41EFB6C527232D0F00795AC5 /* PeriscopeMediaPlannerUITests */ = {
			isa = PBXGroup;
			children = (
				41EFB6C627232D0F00795AC5 /* PeriscopeMediaPlannerUITests.swift */,
				41EFB6C827232D0F00795AC5 /* PeriscopeMediaPlannerUITestsLaunchTests.swift */,
			);
			path = PeriscopeMediaPlannerUITests;
			sourceTree = "<group>";
		};
		41EFB6D527233D0300795AC5 /* View */ = {
			isa = PBXGroup;
			children = (
				41EFB6D727233D2800795AC5 /* SplashScreenView.swift */,
				41EFB6D927233E2700795AC5 /* HomeView.swift */,
				41685358272DE9C000BE0F22 /* TaskView.swift */,
			);
			path = View;
			sourceTree = "<group>";
		};
		41EFB6D627233D0B00795AC5 /* Model */ = {
			isa = PBXGroup;
			children = (
				4168535A272DFD1F00BE0F22 /* TaskModel.swift */,
			);
			path = Model;
			sourceTree = "<group>";
		};
		AC63DD477D105063F18873A6 /* Pods */ = {
			isa = PBXGroup;
			children = (
				85EFC2EF105E4EAD106C05B3 /* Pods-PeriscopeMediaPlanner.debug.xcconfig */,
				FA32118D36FEF4A9E0C3695C /* Pods-PeriscopeMediaPlanner.release.xcconfig */,
				1CADCBFF5510F741AB1C0892 /* Pods-PeriscopeMediaPlanner-PeriscopeMediaPlannerUITests.debug.xcconfig */,
				2D37E0E69B8C299B01D3197D /* Pods-PeriscopeMediaPlanner-PeriscopeMediaPlannerUITests.release.xcconfig */,
				9FD9F3B300208903D6576B30 /* Pods-PeriscopeMediaPlannerTests.debug.xcconfig */,
				98CD7594C51ADB61F13EABBF /* Pods-PeriscopeMediaPlannerTests.release.xcconfig */,
			);
			path = Pods;
			sourceTree = "<group>";
		};
/* End PBXGroup section */

/* Begin PBXNativeTarget section */
		41EFB6A227232D0D00795AC5 /* PeriscopeMediaPlanner */ = {
			isa = PBXNativeTarget;
			buildConfigurationList = 41EFB6CC27232D0F00795AC5 /* Build configuration list for PBXNativeTarget "PeriscopeMediaPlanner" */;
			buildPhases = (
				018209B778B544DED74BC49F /* [CP] Check Pods Manifest.lock */,
				41EFB69F27232D0D00795AC5 /* Sources */,
				41EFB6A027232D0D00795AC5 /* Frameworks */,
				41EFB6A127232D0D00795AC5 /* Resources */,
				FD232216AF6781C54AFB4C13 /* [CP] Embed Pods Frameworks */,
			);
			buildRules = (
			);
			dependencies = (
			);
			name = PeriscopeMediaPlanner;
			productName = PeriscopeMediaPlanner;
			productReference = 41EFB6A327232D0D00795AC5 /* PeriscopeMediaPlanner.app */;
			productType = "com.apple.product-type.application";
		};
		41EFB6B727232D0F00795AC5 /* PeriscopeMediaPlannerTests */ = {
			isa = PBXNativeTarget;
			buildConfigurationList = 41EFB6CF27232D0F00795AC5 /* Build configuration list for PBXNativeTarget "PeriscopeMediaPlannerTests" */;
			buildPhases = (
				FDB7651E4F6C89B2D29FE365 /* [CP] Check Pods Manifest.lock */,
				41EFB6B427232D0F00795AC5 /* Sources */,
				41EFB6B527232D0F00795AC5 /* Frameworks */,
				41EFB6B627232D0F00795AC5 /* Resources */,
			);
			buildRules = (
			);
			dependencies = (
				41EFB6BA27232D0F00795AC5 /* PBXTargetDependency */,
			);
			name = PeriscopeMediaPlannerTests;
			productName = PeriscopeMediaPlannerTests;
			productReference = 41EFB6B827232D0F00795AC5 /* PeriscopeMediaPlannerTests.xctest */;
			productType = "com.apple.product-type.bundle.unit-test";
		};
		41EFB6C127232D0F00795AC5 /* PeriscopeMediaPlannerUITests */ = {
			isa = PBXNativeTarget;
			buildConfigurationList = 41EFB6D227232D0F00795AC5 /* Build configuration list for PBXNativeTarget "PeriscopeMediaPlannerUITests" */;
			buildPhases = (
				0231EFC30F19E5827F85D6B8 /* [CP] Check Pods Manifest.lock */,
				41EFB6BE27232D0F00795AC5 /* Sources */,
				41EFB6BF27232D0F00795AC5 /* Frameworks */,
				41EFB6C027232D0F00795AC5 /* Resources */,
				A783CBBFBCF9D95D160AD7DC /* [CP] Embed Pods Frameworks */,
			);
			buildRules = (
			);
			dependencies = (
				41EFB6C427232D0F00795AC5 /* PBXTargetDependency */,
			);
			name = PeriscopeMediaPlannerUITests;
			productName = PeriscopeMediaPlannerUITests;
			productReference = 41EFB6C227232D0F00795AC5 /* PeriscopeMediaPlannerUITests.xctest */;
			productType = "com.apple.product-type.bundle.ui-testing";
		};
/* End PBXNativeTarget section */

/* Begin PBXProject section */
		41EFB69B27232D0D00795AC5 /* Project object */ = {
			isa = PBXProject;
			attributes = {
				BuildIndependentTargetsInParallel = 1;
				LastSwiftUpdateCheck = 1300;
				LastUpgradeCheck = 1300;
				TargetAttributes = {
					41EFB6A227232D0D00795AC5 = {
						CreatedOnToolsVersion = 13.0;
					};
					41EFB6B727232D0F00795AC5 = {
						CreatedOnToolsVersion = 13.0;
						TestTargetID = 41EFB6A227232D0D00795AC5;
					};
					41EFB6C127232D0F00795AC5 = {
						CreatedOnToolsVersion = 13.0;
						TestTargetID = 41EFB6A227232D0D00795AC5;
					};
				};
			};
			buildConfigurationList = 41EFB69E27232D0D00795AC5 /* Build configuration list for PBXProject "PeriscopeMediaPlanner" */;
			compatibilityVersion = "Xcode 13.0";
			developmentRegion = en;
			hasScannedForEncodings = 0;
			knownRegions = (
				en,
				Base,
			);
			mainGroup = 41EFB69A27232D0D00795AC5;
			productRefGroup = 41EFB6A427232D0D00795AC5 /* Products */;
			projectDirPath = "";
			projectRoot = "";
			targets = (
				41EFB6A227232D0D00795AC5 /* PeriscopeMediaPlanner */,
				41EFB6B727232D0F00795AC5 /* PeriscopeMediaPlannerTests */,
				41EFB6C127232D0F00795AC5 /* PeriscopeMediaPlannerUITests */,
			);
		};
/* End PBXProject section */

/* Begin PBXResourcesBuildPhase section */
		41EFB6A127232D0D00795AC5 /* Resources */ = {
			isa = PBXResourcesBuildPhase;
			buildActionMask = 2147483647;
			files = (
				41EFB6AE27232D0E00795AC5 /* Preview Assets.xcassets in Resources */,
				41EFB6AB27232D0E00795AC5 /* Assets.xcassets in Resources */,
			);
			runOnlyForDeploymentPostprocessing = 0;
		};
		41EFB6B627232D0F00795AC5 /* Resources */ = {
			isa = PBXResourcesBuildPhase;
			buildActionMask = 2147483647;
			files = (
			);
			runOnlyForDeploymentPostprocessing = 0;
		};
		41EFB6C027232D0F00795AC5 /* Resources */ = {
			isa = PBXResourcesBuildPhase;
			buildActionMask = 2147483647;
			files = (
			);
			runOnlyForDeploymentPostprocessing = 0;
		};
/* End PBXResourcesBuildPhase section */

/* Begin PBXShellScriptBuildPhase section */
		018209B778B544DED74BC49F /* [CP] Check Pods Manifest.lock */ = {
			isa = PBXShellScriptBuildPhase;
			buildActionMask = 2147483647;
			files = (
			);
			inputFileListPaths = (
			);
			inputPaths = (
				"${PODS_PODFILE_DIR_PATH}/Podfile.lock",
				"${PODS_ROOT}/Manifest.lock",
			);
			name = "[CP] Check Pods Manifest.lock";
			outputFileListPaths = (
			);
			outputPaths = (
				"$(DERIVED_FILE_DIR)/Pods-PeriscopeMediaPlanner-checkManifestLockResult.txt",
			);
			runOnlyForDeploymentPostprocessing = 0;
			shellPath = /bin/sh;
			shellScript = "diff \"${PODS_PODFILE_DIR_PATH}/Podfile.lock\" \"${PODS_ROOT}/Manifest.lock\" > /dev/null\nif [ $? != 0 ] ; then\n    # print error to STDERR\n    echo \"error: The sandbox is not in sync with the Podfile.lock. Run 'pod install' or update your CocoaPods installation.\" >&2\n    exit 1\nfi\n# This output is used by Xcode 'outputs' to avoid re-running this script phase.\necho \"SUCCESS\" > \"${SCRIPT_OUTPUT_FILE_0}\"\n";
			showEnvVarsInLog = 0;
		};
		0231EFC30F19E5827F85D6B8 /* [CP] Check Pods Manifest.lock */ = {
			isa = PBXShellScriptBuildPhase;
			buildActionMask = 2147483647;
			files = (
			);
			inputFileListPaths = (
			);
			inputPaths = (
				"${PODS_PODFILE_DIR_PATH}/Podfile.lock",
				"${PODS_ROOT}/Manifest.lock",
			);
			name = "[CP] Check Pods Manifest.lock";
			outputFileListPaths = (
			);
			outputPaths = (
				"$(DERIVED_FILE_DIR)/Pods-PeriscopeMediaPlanner-PeriscopeMediaPlannerUITests-checkManifestLockResult.txt",
			);
			runOnlyForDeploymentPostprocessing = 0;
			shellPath = /bin/sh;
			shellScript = "diff \"${PODS_PODFILE_DIR_PATH}/Podfile.lock\" \"${PODS_ROOT}/Manifest.lock\" > /dev/null\nif [ $? != 0 ] ; then\n    # print error to STDERR\n    echo \"error: The sandbox is not in sync with the Podfile.lock. Run 'pod install' or update your CocoaPods installation.\" >&2\n    exit 1\nfi\n# This output is used by Xcode 'outputs' to avoid re-running this script phase.\necho \"SUCCESS\" > \"${SCRIPT_OUTPUT_FILE_0}\"\n";
			showEnvVarsInLog = 0;
		};
		A783CBBFBCF9D95D160AD7DC /* [CP] Embed Pods Frameworks */ = {
			isa = PBXShellScriptBuildPhase;
			buildActionMask = 2147483647;
			files = (
			);
			inputFileListPaths = (
				"${PODS_ROOT}/Target Support Files/Pods-PeriscopeMediaPlanner-PeriscopeMediaPlannerUITests/Pods-PeriscopeMediaPlanner-PeriscopeMediaPlannerUITests-frameworks-${CONFIGURATION}-input-files.xcfilelist",
			);
			name = "[CP] Embed Pods Frameworks";
			outputFileListPaths = (
				"${PODS_ROOT}/Target Support Files/Pods-PeriscopeMediaPlanner-PeriscopeMediaPlannerUITests/Pods-PeriscopeMediaPlanner-PeriscopeMediaPlannerUITests-frameworks-${CONFIGURATION}-output-files.xcfilelist",
			);
			runOnlyForDeploymentPostprocessing = 0;
			shellPath = /bin/sh;
			shellScript = "\"${PODS_ROOT}/Target Support Files/Pods-PeriscopeMediaPlanner-PeriscopeMediaPlannerUITests/Pods-PeriscopeMediaPlanner-PeriscopeMediaPlannerUITests-frameworks.sh\"\n";
			showEnvVarsInLog = 0;
		};
		FD232216AF6781C54AFB4C13 /* [CP] Embed Pods Frameworks */ = {
			isa = PBXShellScriptBuildPhase;
			buildActionMask = 2147483647;
			files = (
			);
			inputFileListPaths = (
				"${PODS_ROOT}/Target Support Files/Pods-PeriscopeMediaPlanner/Pods-PeriscopeMediaPlanner-frameworks-${CONFIGURATION}-input-files.xcfilelist",
			);
			name = "[CP] Embed Pods Frameworks";
			outputFileListPaths = (
				"${PODS_ROOT}/Target Support Files/Pods-PeriscopeMediaPlanner/Pods-PeriscopeMediaPlanner-frameworks-${CONFIGURATION}-output-files.xcfilelist",
			);
			runOnlyForDeploymentPostprocessing = 0;
			shellPath = /bin/sh;
			shellScript = "\"${PODS_ROOT}/Target Support Files/Pods-PeriscopeMediaPlanner/Pods-PeriscopeMediaPlanner-frameworks.sh\"\n";
			showEnvVarsInLog = 0;
		};
		FDB7651E4F6C89B2D29FE365 /* [CP] Check Pods Manifest.lock */ = {
			isa = PBXShellScriptBuildPhase;
			buildActionMask = 2147483647;
			files = (
			);
			inputFileListPaths = (
			);
			inputPaths = (
				"${PODS_PODFILE_DIR_PATH}/Podfile.lock",
				"${PODS_ROOT}/Manifest.lock",
			);
			name = "[CP] Check Pods Manifest.lock";
			outputFileListPaths = (
			);
			outputPaths = (
				"$(DERIVED_FILE_DIR)/Pods-PeriscopeMediaPlannerTests-checkManifestLockResult.txt",
			);
			runOnlyForDeploymentPostprocessing = 0;
			shellPath = /bin/sh;
			shellScript = "diff \"${PODS_PODFILE_DIR_PATH}/Podfile.lock\" \"${PODS_ROOT}/Manifest.lock\" > /dev/null\nif [ $? != 0 ] ; then\n    # print error to STDERR\n    echo \"error: The sandbox is not in sync with the Podfile.lock. Run 'pod install' or update your CocoaPods installation.\" >&2\n    exit 1\nfi\n# This output is used by Xcode 'outputs' to avoid re-running this script phase.\necho \"SUCCESS\" > \"${SCRIPT_OUTPUT_FILE_0}\"\n";
			showEnvVarsInLog = 0;
		};
/* End PBXShellScriptBuildPhase section */

/* Begin PBXSourcesBuildPhase section */
		41EFB69F27232D0D00795AC5 /* Sources */ = {
			isa = PBXSourcesBuildPhase;
			buildActionMask = 2147483647;
			files = (
				41EFB6B327232D0F00795AC5 /* PeriscopeMediaPlanner.xcdatamodeld in Sources */,
				41EFB6B027232D0E00795AC5 /* Persistence.swift in Sources */,
				41EFB6D827233D2800795AC5 /* SplashScreenView.swift in Sources */,
				4168535B272DFD1F00BE0F22 /* TaskModel.swift in Sources */,
				41566C92272D9D1E00FA8CD5 /* AppDelegate.swift in Sources */,
				41EFB6DA27233E2700795AC5 /* HomeView.swift in Sources */,
				41EFB6A927232D0D00795AC5 /* ContentView.swift in Sources */,
				41EFB6A727232D0D00795AC5 /* PeriscopeMediaPlannerApp.swift in Sources */,
				41685359272DE9C000BE0F22 /* TaskView.swift in Sources */,
			);
			runOnlyForDeploymentPostprocessing = 0;
		};
		41EFB6B427232D0F00795AC5 /* Sources */ = {
			isa = PBXSourcesBuildPhase;
			buildActionMask = 2147483647;
			files = (
				415BD821272B4EBB0039AC39 /* PeriscopeMediaPlannerTests.swift in Sources */,
			);
			runOnlyForDeploymentPostprocessing = 0;
		};
		41EFB6BE27232D0F00795AC5 /* Sources */ = {
			isa = PBXSourcesBuildPhase;
			buildActionMask = 2147483647;
			files = (
				41EFB6C727232D0F00795AC5 /* PeriscopeMediaPlannerUITests.swift in Sources */,
				41EFB6C927232D0F00795AC5 /* PeriscopeMediaPlannerUITestsLaunchTests.swift in Sources */,
			);
			runOnlyForDeploymentPostprocessing = 0;
		};
/* End PBXSourcesBuildPhase section */

/* Begin PBXTargetDependency section */
		41EFB6BA27232D0F00795AC5 /* PBXTargetDependency */ = {
			isa = PBXTargetDependency;
			target = 41EFB6A227232D0D00795AC5 /* PeriscopeMediaPlanner */;
			targetProxy = 41EFB6B927232D0F00795AC5 /* PBXContainerItemProxy */;
		};
		41EFB6C427232D0F00795AC5 /* PBXTargetDependency */ = {
			isa = PBXTargetDependency;
			target = 41EFB6A227232D0D00795AC5 /* PeriscopeMediaPlanner */;
			targetProxy = 41EFB6C327232D0F00795AC5 /* PBXContainerItemProxy */;
		};
/* End PBXTargetDependency section */

/* Begin XCBuildConfiguration section */
		41EFB6CA27232D0F00795AC5 /* Debug */ = {
			isa = XCBuildConfiguration;
			buildSettings = {
				ALWAYS_SEARCH_USER_PATHS = NO;
				CLANG_ANALYZER_NONNULL = YES;
				CLANG_ANALYZER_NUMBER_OBJECT_CONVERSION = YES_AGGRESSIVE;
				CLANG_CXX_LANGUAGE_STANDARD = "gnu++17";
				CLANG_CXX_LIBRARY = "libc++";
				CLANG_ENABLE_MODULES = YES;
				CLANG_ENABLE_OBJC_ARC = YES;
				CLANG_ENABLE_OBJC_WEAK = YES;
				CLANG_WARN_BLOCK_CAPTURE_AUTORELEASING = YES;
				CLANG_WARN_BOOL_CONVERSION = YES;
				CLANG_WARN_COMMA = YES;
				CLANG_WARN_CONSTANT_CONVERSION = YES;
				CLANG_WARN_DEPRECATED_OBJC_IMPLEMENTATIONS = YES;
				CLANG_WARN_DIRECT_OBJC_ISA_USAGE = YES_ERROR;
				CLANG_WARN_DOCUMENTATION_COMMENTS = YES;
				CLANG_WARN_EMPTY_BODY = YES;
				CLANG_WARN_ENUM_CONVERSION = YES;
				CLANG_WARN_INFINITE_RECURSION = YES;
				CLANG_WARN_INT_CONVERSION = YES;
				CLANG_WARN_NON_LITERAL_NULL_CONVERSION = YES;
				CLANG_WARN_OBJC_IMPLICIT_RETAIN_SELF = YES;
				CLANG_WARN_OBJC_LITERAL_CONVERSION = YES;
				CLANG_WARN_OBJC_ROOT_CLASS = YES_ERROR;
				CLANG_WARN_QUOTED_INCLUDE_IN_FRAMEWORK_HEADER = YES;
				CLANG_WARN_RANGE_LOOP_ANALYSIS = YES;
				CLANG_WARN_STRICT_PROTOTYPES = YES;
				CLANG_WARN_SUSPICIOUS_MOVE = YES;
				CLANG_WARN_UNGUARDED_AVAILABILITY = YES_AGGRESSIVE;
				CLANG_WARN_UNREACHABLE_CODE = YES;
				CLANG_WARN__DUPLICATE_METHOD_MATCH = YES;
				COPY_PHASE_STRIP = NO;
				DEBUG_INFORMATION_FORMAT = dwarf;
				ENABLE_STRICT_OBJC_MSGSEND = YES;
				ENABLE_TESTABILITY = YES;
				GCC_C_LANGUAGE_STANDARD = gnu11;
				GCC_DYNAMIC_NO_PIC = NO;
				GCC_NO_COMMON_BLOCKS = YES;
				GCC_OPTIMIZATION_LEVEL = 0;
				GCC_PREPROCESSOR_DEFINITIONS = (
					"DEBUG=1",
					"$(inherited)",
				);
				GCC_WARN_64_TO_32_BIT_CONVERSION = YES;
				GCC_WARN_ABOUT_RETURN_TYPE = YES_ERROR;
				GCC_WARN_UNDECLARED_SELECTOR = YES;
				GCC_WARN_UNINITIALIZED_AUTOS = YES_AGGRESSIVE;
				GCC_WARN_UNUSED_FUNCTION = YES;
				GCC_WARN_UNUSED_VARIABLE = YES;
				IPHONEOS_DEPLOYMENT_TARGET = 15.0;
				MTL_ENABLE_DEBUG_INFO = INCLUDE_SOURCE;
				MTL_FAST_MATH = YES;
				ONLY_ACTIVE_ARCH = YES;
				SDKROOT = iphoneos;
				SWIFT_ACTIVE_COMPILATION_CONDITIONS = DEBUG;
				SWIFT_OPTIMIZATION_LEVEL = "-Onone";
			};
			name = Debug;
		};
		41EFB6CB27232D0F00795AC5 /* Release */ = {
			isa = XCBuildConfiguration;
			buildSettings = {
				ALWAYS_SEARCH_USER_PATHS = NO;
				CLANG_ANALYZER_NONNULL = YES;
				CLANG_ANALYZER_NUMBER_OBJECT_CONVERSION = YES_AGGRESSIVE;
				CLANG_CXX_LANGUAGE_STANDARD = "gnu++17";
				CLANG_CXX_LIBRARY = "libc++";
				CLANG_ENABLE_MODULES = YES;
				CLANG_ENABLE_OBJC_ARC = YES;
				CLANG_ENABLE_OBJC_WEAK = YES;
				CLANG_WARN_BLOCK_CAPTURE_AUTORELEASING = YES;
				CLANG_WARN_BOOL_CONVERSION = YES;
				CLANG_WARN_COMMA = YES;
				CLANG_WARN_CONSTANT_CONVERSION = YES;
				CLANG_WARN_DEPRECATED_OBJC_IMPLEMENTATIONS = YES;
				CLANG_WARN_DIRECT_OBJC_ISA_USAGE = YES_ERROR;
				CLANG_WARN_DOCUMENTATION_COMMENTS = YES;
				CLANG_WARN_EMPTY_BODY = YES;
				CLANG_WARN_ENUM_CONVERSION = YES;
				CLANG_WARN_INFINITE_RECURSION = YES;
				CLANG_WARN_INT_CONVERSION = YES;
				CLANG_WARN_NON_LITERAL_NULL_CONVERSION = YES;
				CLANG_WARN_OBJC_IMPLICIT_RETAIN_SELF = YES;
				CLANG_WARN_OBJC_LITERAL_CONVERSION = YES;
				CLANG_WARN_OBJC_ROOT_CLASS = YES_ERROR;
				CLANG_WARN_QUOTED_INCLUDE_IN_FRAMEWORK_HEADER = YES;
				CLANG_WARN_RANGE_LOOP_ANALYSIS = YES;
				CLANG_WARN_STRICT_PROTOTYPES = YES;
				CLANG_WARN_SUSPICIOUS_MOVE = YES;
				CLANG_WARN_UNGUARDED_AVAILABILITY = YES_AGGRESSIVE;
				CLANG_WARN_UNREACHABLE_CODE = YES;
				CLANG_WARN__DUPLICATE_METHOD_MATCH = YES;
				COPY_PHASE_STRIP = NO;
				DEBUG_INFORMATION_FORMAT = "dwarf-with-dsym";
				ENABLE_NS_ASSERTIONS = NO;
				ENABLE_STRICT_OBJC_MSGSEND = YES;
				GCC_C_LANGUAGE_STANDARD = gnu11;
				GCC_NO_COMMON_BLOCKS = YES;
				GCC_WARN_64_TO_32_BIT_CONVERSION = YES;
				GCC_WARN_ABOUT_RETURN_TYPE = YES_ERROR;
				GCC_WARN_UNDECLARED_SELECTOR = YES;
				GCC_WARN_UNINITIALIZED_AUTOS = YES_AGGRESSIVE;
				GCC_WARN_UNUSED_FUNCTION = YES;
				GCC_WARN_UNUSED_VARIABLE = YES;
				IPHONEOS_DEPLOYMENT_TARGET = 15.0;
				MTL_ENABLE_DEBUG_INFO = NO;
				MTL_FAST_MATH = YES;
				SDKROOT = iphoneos;
				SWIFT_COMPILATION_MODE = wholemodule;
				SWIFT_OPTIMIZATION_LEVEL = "-O";
				VALIDATE_PRODUCT = YES;
			};
			name = Release;
		};
		41EFB6CD27232D0F00795AC5 /* Debug */ = {
			isa = XCBuildConfiguration;
			baseConfigurationReference = 85EFC2EF105E4EAD106C05B3 /* Pods-PeriscopeMediaPlanner.debug.xcconfig */;
			buildSettings = {
				ASSETCATALOG_COMPILER_APPICON_NAME = AppIcon;
				ASSETCATALOG_COMPILER_GLOBAL_ACCENT_COLOR_NAME = AccentColor;
				CODE_SIGN_STYLE = Automatic;
				CURRENT_PROJECT_VERSION = 1;
				DEVELOPMENT_ASSET_PATHS = "\"PeriscopeMediaPlanner/Preview Content\"";
				DEVELOPMENT_TEAM = AW76RA3653;
				ENABLE_PREVIEWS = YES;
				GENERATE_INFOPLIST_FILE = YES;
				INFOPLIST_FILE = PeriscopeMediaPlanner/Info.plist;
				INFOPLIST_KEY_UIApplicationSceneManifest_Generation = YES;
				INFOPLIST_KEY_UIApplicationSupportsIndirectInputEvents = YES;
				INFOPLIST_KEY_UILaunchScreen_Generation = YES;
				INFOPLIST_KEY_UIStatusBarHidden = YES;
				INFOPLIST_KEY_UISupportedInterfaceOrientations = UIInterfaceOrientationPortrait;
				INFOPLIST_KEY_UISupportedInterfaceOrientations_iPad = "UIInterfaceOrientationPortrait UIInterfaceOrientationPortraitUpsideDown UIInterfaceOrientationLandscapeLeft UIInterfaceOrientationLandscapeRight";
				INFOPLIST_KEY_UISupportedInterfaceOrientations_iPhone = "UIInterfaceOrientationPortrait UIInterfaceOrientationLandscapeLeft UIInterfaceOrientationLandscapeRight";
				IPHONEOS_DEPLOYMENT_TARGET = 15.0;
				LD_RUNPATH_SEARCH_PATHS = (
					"$(inherited)",
					"@executable_path/Frameworks",
				);
				MARKETING_VERSION = 1.0;
				PRODUCT_BUNDLE_IDENTIFIER = com.wishmaster.PeriscopeMediaPlanner;
				PRODUCT_NAME = PeriscopeMediaPlanner;
				SWIFT_EMIT_LOC_STRINGS = YES;
				SWIFT_VERSION = 5.0;
				TARGETED_DEVICE_FAMILY = 1;
			};
			name = Debug;
		};
		41EFB6CE27232D0F00795AC5 /* Release */ = {
			isa = XCBuildConfiguration;
			baseConfigurationReference = FA32118D36FEF4A9E0C3695C /* Pods-PeriscopeMediaPlanner.release.xcconfig */;
			buildSettings = {
				ASSETCATALOG_COMPILER_APPICON_NAME = AppIcon;
				ASSETCATALOG_COMPILER_GLOBAL_ACCENT_COLOR_NAME = AccentColor;
				CODE_SIGN_STYLE = Automatic;
				CURRENT_PROJECT_VERSION = 1;
				DEVELOPMENT_ASSET_PATHS = "\"PeriscopeMediaPlanner/Preview Content\"";
				DEVELOPMENT_TEAM = AW76RA3653;
				ENABLE_PREVIEWS = YES;
				GENERATE_INFOPLIST_FILE = YES;
				INFOPLIST_FILE = PeriscopeMediaPlanner/Info.plist;
				INFOPLIST_KEY_UIApplicationSceneManifest_Generation = YES;
				INFOPLIST_KEY_UIApplicationSupportsIndirectInputEvents = YES;
				INFOPLIST_KEY_UILaunchScreen_Generation = YES;
				INFOPLIST_KEY_UIStatusBarHidden = YES;
				INFOPLIST_KEY_UISupportedInterfaceOrientations = UIInterfaceOrientationPortrait;
				INFOPLIST_KEY_UISupportedInterfaceOrientations_iPad = "UIInterfaceOrientationPortrait UIInterfaceOrientationPortraitUpsideDown UIInterfaceOrientationLandscapeLeft UIInterfaceOrientationLandscapeRight";
				INFOPLIST_KEY_UISupportedInterfaceOrientations_iPhone = "UIInterfaceOrientationPortrait UIInterfaceOrientationLandscapeLeft UIInterfaceOrientationLandscapeRight";
				IPHONEOS_DEPLOYMENT_TARGET = 15.0;
				LD_RUNPATH_SEARCH_PATHS = (
					"$(inherited)",
					"@executable_path/Frameworks",
				);
				MARKETING_VERSION = 1.0;
				PRODUCT_BUNDLE_IDENTIFIER = com.wishmaster.PeriscopeMediaPlanner;
				PRODUCT_NAME = PeriscopeMediaPlanner;
				SWIFT_EMIT_LOC_STRINGS = YES;
				SWIFT_VERSION = 5.0;
				TARGETED_DEVICE_FAMILY = 1;
			};
			name = Release;
		};
		41EFB6D027232D0F00795AC5 /* Debug */ = {
			isa = XCBuildConfiguration;
			baseConfigurationReference = 9FD9F3B300208903D6576B30 /* Pods-PeriscopeMediaPlannerTests.debug.xcconfig */;
			buildSettings = {
				ALWAYS_EMBED_SWIFT_STANDARD_LIBRARIES = YES;
				BUNDLE_LOADER = "$(TEST_HOST)";
				CODE_SIGN_STYLE = Automatic;
				CURRENT_PROJECT_VERSION = 1;
				DEVELOPMENT_TEAM = AW76RA3653;
				GENERATE_INFOPLIST_FILE = YES;
				IPHONEOS_DEPLOYMENT_TARGET = 14.0;
				LD_RUNPATH_SEARCH_PATHS = (
					"$(inherited)",
					"@executable_path/Frameworks",
					"@loader_path/Frameworks",
				);
				MARKETING_VERSION = 1.0;
				PRODUCT_BUNDLE_IDENTIFIER = com.wishmaster.PeriscopeMediaPlannerTests;
				PRODUCT_NAME = "$(TARGET_NAME)";
				SWIFT_EMIT_LOC_STRINGS = NO;
				SWIFT_VERSION = 5.0;
				TARGETED_DEVICE_FAMILY = "1,2";
				TEST_HOST = "$(BUILT_PRODUCTS_DIR)/PeriscopeMediaPlanner.app/PeriscopeMediaPlanner";
			};
			name = Debug;
		};
		41EFB6D127232D0F00795AC5 /* Release */ = {
			isa = XCBuildConfiguration;
			baseConfigurationReference = 98CD7594C51ADB61F13EABBF /* Pods-PeriscopeMediaPlannerTests.release.xcconfig */;
			buildSettings = {
				ALWAYS_EMBED_SWIFT_STANDARD_LIBRARIES = YES;
				BUNDLE_LOADER = "$(TEST_HOST)";
				CODE_SIGN_STYLE = Automatic;
				CURRENT_PROJECT_VERSION = 1;
				DEVELOPMENT_TEAM = AW76RA3653;
				GENERATE_INFOPLIST_FILE = YES;
				IPHONEOS_DEPLOYMENT_TARGET = 14.0;
				LD_RUNPATH_SEARCH_PATHS = (
					"$(inherited)",
					"@executable_path/Frameworks",
					"@loader_path/Frameworks",
				);
				MARKETING_VERSION = 1.0;
				PRODUCT_BUNDLE_IDENTIFIER = com.wishmaster.PeriscopeMediaPlannerTests;
				PRODUCT_NAME = "$(TARGET_NAME)";
				SWIFT_EMIT_LOC_STRINGS = NO;
				SWIFT_VERSION = 5.0;
				TARGETED_DEVICE_FAMILY = "1,2";
				TEST_HOST = "$(BUILT_PRODUCTS_DIR)/PeriscopeMediaPlanner.app/PeriscopeMediaPlanner";
			};
			name = Release;
		};
		41EFB6D327232D0F00795AC5 /* Debug */ = {
			isa = XCBuildConfiguration;
			baseConfigurationReference = 1CADCBFF5510F741AB1C0892 /* Pods-PeriscopeMediaPlanner-PeriscopeMediaPlannerUITests.debug.xcconfig */;
			buildSettings = {
				ALWAYS_EMBED_SWIFT_STANDARD_LIBRARIES = YES;
				CODE_SIGN_STYLE = Automatic;
				CURRENT_PROJECT_VERSION = 1;
				DEVELOPMENT_TEAM = AW76RA3653;
				GENERATE_INFOPLIST_FILE = YES;
				LD_RUNPATH_SEARCH_PATHS = (
					"$(inherited)",
					"@executable_path/Frameworks",
					"@loader_path/Frameworks",
				);
				MARKETING_VERSION = 1.0;
				PRODUCT_BUNDLE_IDENTIFIER = com.wishmaster.PeriscopeMediaPlannerUITests;
				PRODUCT_NAME = "$(TARGET_NAME)";
				SWIFT_EMIT_LOC_STRINGS = NO;
				SWIFT_VERSION = 5.0;
				TARGETED_DEVICE_FAMILY = "1,2";
				TEST_TARGET_NAME = PeriscopeMediaPlanner;
			};
			name = Debug;
		};
		41EFB6D427232D0F00795AC5 /* Release */ = {
			isa = XCBuildConfiguration;
			baseConfigurationReference = 2D37E0E69B8C299B01D3197D /* Pods-PeriscopeMediaPlanner-PeriscopeMediaPlannerUITests.release.xcconfig */;
			buildSettings = {
				ALWAYS_EMBED_SWIFT_STANDARD_LIBRARIES = YES;
				CODE_SIGN_STYLE = Automatic;
				CURRENT_PROJECT_VERSION = 1;
				DEVELOPMENT_TEAM = AW76RA3653;
				GENERATE_INFOPLIST_FILE = YES;
				LD_RUNPATH_SEARCH_PATHS = (
					"$(inherited)",
					"@executable_path/Frameworks",
					"@loader_path/Frameworks",
				);
				MARKETING_VERSION = 1.0;
				PRODUCT_BUNDLE_IDENTIFIER = com.wishmaster.PeriscopeMediaPlannerUITests;
				PRODUCT_NAME = "$(TARGET_NAME)";
				SWIFT_EMIT_LOC_STRINGS = NO;
				SWIFT_VERSION = 5.0;
				TARGETED_DEVICE_FAMILY = "1,2";
				TEST_TARGET_NAME = PeriscopeMediaPlanner;
			};
			name = Release;
		};
/* End XCBuildConfiguration section */

/* Begin XCConfigurationList section */
		41EFB69E27232D0D00795AC5 /* Build configuration list for PBXProject "PeriscopeMediaPlanner" */ = {
			isa = XCConfigurationList;
			buildConfigurations = (
				41EFB6CA27232D0F00795AC5 /* Debug */,
				41EFB6CB27232D0F00795AC5 /* Release */,
			);
			defaultConfigurationIsVisible = 0;
			defaultConfigurationName = Release;
		};
		41EFB6CC27232D0F00795AC5 /* Build configuration list for PBXNativeTarget "PeriscopeMediaPlanner" */ = {
			isa = XCConfigurationList;
			buildConfigurations = (
				41EFB6CD27232D0F00795AC5 /* Debug */,
				41EFB6CE27232D0F00795AC5 /* Release */,
			);
			defaultConfigurationIsVisible = 0;
			defaultConfigurationName = Release;
		};
		41EFB6CF27232D0F00795AC5 /* Build configuration list for PBXNativeTarget "PeriscopeMediaPlannerTests" */ = {
			isa = XCConfigurationList;
			buildConfigurations = (
				41EFB6D027232D0F00795AC5 /* Debug */,
				41EFB6D127232D0F00795AC5 /* Release */,
			);
			defaultConfigurationIsVisible = 0;
			defaultConfigurationName = Release;
		};
		41EFB6D227232D0F00795AC5 /* Build configuration list for PBXNativeTarget "PeriscopeMediaPlannerUITests" */ = {
			isa = XCConfigurationList;
			buildConfigurations = (
				41EFB6D327232D0F00795AC5 /* Debug */,
				41EFB6D427232D0F00795AC5 /* Release */,
			);
			defaultConfigurationIsVisible = 0;
			defaultConfigurationName = Release;
		};
/* End XCConfigurationList section */

/* Begin XCVersionGroup section */
		41EFB6B127232D0F00795AC5 /* PeriscopeMediaPlanner.xcdatamodeld */ = {
			isa = XCVersionGroup;
			children = (
				41EFB6B227232D0F00795AC5 /* PeriscopeMediaPlanner.xcdatamodel */,
			);
			currentVersion = 41EFB6B227232D0F00795AC5 /* PeriscopeMediaPlanner.xcdatamodel */;
			path = PeriscopeMediaPlanner.xcdatamodeld;
			sourceTree = "<group>";
			versionGroupType = wrapper.xcdatamodel;
		};
/* End XCVersionGroup section */
	};
	rootObject = 41EFB69B27232D0D00795AC5 /* Project object */;
}
